
Microsoft Visual Studio Solution File, Format Version 12.00
# Visual Studio Version 17
VisualStudioVersion = 17.13.35931.197 d17.13
MinimumVisualStudioVersion = 10.0.40219.1
Project("{FAE04EC0-301F-11D3-BF4B-00C04F79EFBC}") = "Week_5_Challenge_5.1.2", "Week_5_Challenge_5.1.2.csproj", "{031C788F-C4F4-4803-8D9A-9A8FFA7D913B}"
EndProject
Global
	GlobalSection(SolutionConfigurationPlatforms) = preSolution
		Debug|Any CPU = Debug|Any CPU
		Release|Any CPU = Release|Any CPU
	EndGlobalSection
	GlobalSection(ProjectConfigurationPlatforms) = postSolution
		{031C788F-C4F4-4803-8D9A-9A8FFA7D913B}.Debug|Any CPU.ActiveCfg = Debug|Any CPU
		{031C788F-C4F4-4803-8D9A-9A8FFA7D913B}.Debug|Any CPU.Build.0 = Debug|Any CPU
		{031C788F-C4F4-4803-8D9A-9A8FFA7D913B}.Release|Any CPU.ActiveCfg = Release|Any CPU
		{031C788F-C4F4-4803-8D9A-9A8FFA7D913B}.Release|Any CPU.Build.0 = Release|Any CPU
	EndGlobalSection
	GlobalSection(SolutionProperties) = preSolution
		HideSolutionNode = FALSE
	EndGlobalSection
	GlobalSection(ExtensibilityGlobals) = postSolution
		SolutionGuid = {3790538F-C542-4CA8-880E-4DC7DBD82B9D}
	EndGlobalSection
EndGlobal
